
Microsoft Visual Studio Solution File, Format Version 12.00
# Visual Studio Version 16
VisualStudioVersion = 16.0.31205.134
MinimumVisualStudioVersion = 10.0.40219.1
Project("{9A19103F-16F7-4668-BE54-9A1E7A4F7556}") = "LabClases01", "LabClases01.csproj", "{C62AF580-9980-4415-87DF-2493D9842206}"
EndProject
Project("{FAE04EC0-301F-11D3-BF4B-00C04F79EFBC}") = "Clases", "..\Clases\Clases.csproj", "{8B015FCB-4003-42CA-A833-74406AD43153}"
EndProject
Global
	GlobalSection(SolutionConfigurationPlatforms) = preSolution
		Debug|Any CPU = Debug|Any CPU
		Release|Any CPU = Release|Any CPU
	EndGlobalSection
	GlobalSection(ProjectConfigurationPlatforms) = postSolution
		{C62AF580-9980-4415-87DF-2493D9842206}.Debug|Any CPU.ActiveCfg = Debug|Any CPU
		{C62AF580-9980-4415-87DF-2493D9842206}.Debug|Any CPU.Build.0 = Debug|Any CPU
		{C62AF580-9980-4415-87DF-2493D9842206}.Release|Any CPU.ActiveCfg = Release|Any CPU
		{C62AF580-9980-4415-87DF-2493D9842206}.Release|Any CPU.Build.0 = Release|Any CPU
		{8B015FCB-4003-42CA-A833-74406AD43153}.Debug|Any CPU.ActiveCfg = Debug|Any CPU
		{8B015FCB-4003-42CA-A833-74406AD43153}.Debug|Any CPU.Build.0 = Debug|Any CPU
		{8B015FCB-4003-42CA-A833-74406AD43153}.Release|Any CPU.ActiveCfg = Release|Any CPU
		{8B015FCB-4003-42CA-A833-74406AD43153}.Release|Any CPU.Build.0 = Release|Any CPU
	EndGlobalSection
	GlobalSection(SolutionProperties) = preSolution
		HideSolutionNode = FALSE
	EndGlobalSection
	GlobalSection(ExtensibilityGlobals) = postSolution
		SolutionGuid = {342AD36A-E140-4BC7-8A4F-09439824E747}
	EndGlobalSection
EndGlobal
